
Microsoft Visual Studio Solution File, Format Version 12.00
# Visual Studio 14
VisualStudioVersion = 14.0.25420.1
MinimumVisualStudioVersion = 10.0.40219.1
Project("{FAE04EC0-301F-11D3-BF4B-00C04F79EFBC}") = "BehaveAsSakura", "BehaveAsSakura\BehaveAsSakura.csproj", "{F998E4C3-1097-4A2C-A90E-E3219F76017F}"
EndProject
Project("{FAE04EC0-301F-11D3-BF4B-00C04F79EFBC}") = "BehaveAsSakuraTests", "BehaveAsSakuraTests\BehaveAsSakuraTests.csproj", "{B37A9B12-4B4C-428C-947C-388E8A09B981}"
EndProject
Project("{FAE04EC0-301F-11D3-BF4B-00C04F79EFBC}") = "bassc", "bassc\bassc.csproj", "{DC9AD6A7-AFB3-4846-98D7-4678BC10B78E}"
EndProject
Project("{FAE04EC0-301F-11D3-BF4B-00C04F79EFBC}") = "BehaveAsSakuraEditor", "BehaveAsSakuraEditor\BehaveAsSakuraEditor.csproj", "{648D7FFC-A517-46FD-8F1E-8889FA35198B}"
EndProject
Global
	GlobalSection(SolutionConfigurationPlatforms) = preSolution
		Debug|Any CPU = Debug|Any CPU
		Release|Any CPU = Release|Any CPU
	EndGlobalSection
	GlobalSection(ProjectConfigurationPlatforms) = postSolution
		{F998E4C3-1097-4A2C-A90E-E3219F76017F}.Debug|Any CPU.ActiveCfg = Debug|Any CPU
		{F998E4C3-1097-4A2C-A90E-E3219F76017F}.Debug|Any CPU.Build.0 = Debug|Any CPU
		{F998E4C3-1097-4A2C-A90E-E3219F76017F}.Release|Any CPU.ActiveCfg = Release|Any CPU
		{F998E4C3-1097-4A2C-A90E-E3219F76017F}.Release|Any CPU.Build.0 = Release|Any CPU
		{B37A9B12-4B4C-428C-947C-388E8A09B981}.Debug|Any CPU.ActiveCfg = Debug|Any CPU
		{B37A9B12-4B4C-428C-947C-388E8A09B981}.Debug|Any CPU.Build.0 = Debug|Any CPU
		{B37A9B12-4B4C-428C-947C-388E8A09B981}.Release|Any CPU.ActiveCfg = Release|Any CPU
		{B37A9B12-4B4C-428C-947C-388E8A09B981}.Release|Any CPU.Build.0 = Release|Any CPU
		{DC9AD6A7-AFB3-4846-98D7-4678BC10B78E}.Debug|Any CPU.ActiveCfg = Debug|Any CPU
		{DC9AD6A7-AFB3-4846-98D7-4678BC10B78E}.Debug|Any CPU.Build.0 = Debug|Any CPU
		{DC9AD6A7-AFB3-4846-98D7-4678BC10B78E}.Release|Any CPU.ActiveCfg = Release|Any CPU
		{DC9AD6A7-AFB3-4846-98D7-4678BC10B78E}.Release|Any CPU.Build.0 = Release|Any CPU
		{648D7FFC-A517-46FD-8F1E-8889FA35198B}.Debug|Any CPU.ActiveCfg = Debug|Any CPU
		{648D7FFC-A517-46FD-8F1E-8889FA35198B}.Debug|Any CPU.Build.0 = Debug|Any CPU
		{648D7FFC-A517-46FD-8F1E-8889FA35198B}.Release|Any CPU.ActiveCfg = Release|Any CPU
		{648D7FFC-A517-46FD-8F1E-8889FA35198B}.Release|Any CPU.Build.0 = Release|Any CPU
	EndGlobalSection
	GlobalSection(SolutionProperties) = preSolution
		HideSolutionNode = FALSE
	EndGlobalSection
EndGlobal
